
Microsoft Visual Studio Solution File, Format Version 12.00
# Visual Studio Version 17
VisualStudioVersion = 17.13.35931.197 d17.13
MinimumVisualStudioVersion = 10.0.40219.1
Project("{FAE04EC0-301F-11D3-BF4B-00C04F79EFBC}") = "UpdaterBuilder", "UpdaterBuilder.csproj", "{F1AAC855-E5F7-475C-A5F6-0FB980FE9B8A}"
EndProject
Global
	GlobalSection(SolutionConfigurationPlatforms) = preSolution
		Debug|Any CPU = Debug|Any CPU
		Release|Any CPU = Release|Any CPU
	EndGlobalSection
	GlobalSection(ProjectConfigurationPlatforms) = postSolution
		{F1AAC855-E5F7-475C-A5F6-0FB980FE9B8A}.Debug|Any CPU.ActiveCfg = Debug|Any CPU
		{F1AAC855-E5F7-475C-A5F6-0FB980FE9B8A}.Debug|Any CPU.Build.0 = Debug|Any CPU
		{F1AAC855-E5F7-475C-A5F6-0FB980FE9B8A}.Release|Any CPU.ActiveCfg = Release|Any CPU
		{F1AAC855-E5F7-475C-A5F6-0FB980FE9B8A}.Release|Any CPU.Build.0 = Release|Any CPU
	EndGlobalSection
	GlobalSection(SolutionProperties) = preSolution
		HideSolutionNode = FALSE
	EndGlobalSection
	GlobalSection(ExtensibilityGlobals) = postSolution
		SolutionGuid = {22A0F82A-5E60-4479-A220-5E92DE83F0C3}
	EndGlobalSection
EndGlobal
